
Microsoft Visual Studio Solution File, Format Version 12.00
# Visual Studio Version 17
VisualStudioVersion = 17.0.32002.185
MinimumVisualStudioVersion = 10.0.40219.1
Project("{FAE04EC0-301F-11D3-BF4B-00C04F79EFBC}") = "Projeto HANGFIRE", "Projeto HANGFIRE\Projeto HANGFIRE.csproj", "{A5BF0747-AEEC-4FDF-899E-B8E070C07C8F}"
EndProject
Global
	GlobalSection(SolutionConfigurationPlatforms) = preSolution
		Debug|Any CPU = Debug|Any CPU
		Release|Any CPU = Release|Any CPU
	EndGlobalSection
	GlobalSection(ProjectConfigurationPlatforms) = postSolution
		{A5BF0747-AEEC-4FDF-899E-B8E070C07C8F}.Debug|Any CPU.ActiveCfg = Debug|Any CPU
		{A5BF0747-AEEC-4FDF-899E-B8E070C07C8F}.Debug|Any CPU.Build.0 = Debug|Any CPU
		{A5BF0747-AEEC-4FDF-899E-B8E070C07C8F}.Release|Any CPU.ActiveCfg = Release|Any CPU
		{A5BF0747-AEEC-4FDF-899E-B8E070C07C8F}.Release|Any CPU.Build.0 = Release|Any CPU
	EndGlobalSection
	GlobalSection(SolutionProperties) = preSolution
		HideSolutionNode = FALSE
	EndGlobalSection
	GlobalSection(ExtensibilityGlobals) = postSolution
		SolutionGuid = {979A6159-577E-4F43-A409-FACDDAF4C327}
	EndGlobalSection
EndGlobal
